
Microsoft Visual Studio Solution File, Format Version 12.00
# Visual Studio 15
VisualStudioVersion = 15.0.26730.15
MinimumVisualStudioVersion = 10.0.40219.1
Project("{2150E333-8FDC-42A3-9474-1A3956D46DE8}") = "Solution Items", "Solution Items", "{251E5BBF-2F5D-4262-9E59-D54D31AAF15A}"
	ProjectSection(SolutionItems) = preProject
		nuget.config = nuget.config
	EndProjectSection
EndProject
Project("{9A19103F-16F7-4668-BE54-9A1E7A4F7556}") = "pmilet.DomainEvents", "src\pmilet.DomainEvents\pmilet.DomainEvents.csproj", "{EABD33D6-C210-4B6E-8E6C-32E4114C75B5}"
EndProject
Project("{2150E333-8FDC-42A3-9474-1A3956D46DE8}") = "tst", "tst", "{24DC9056-B4FE-4AAE-81BC-C8F0C9712715}"
EndProject
Project("{9A19103F-16F7-4668-BE54-9A1E7A4F7556}") = "PiedraPapelTijeraApp", "tst\PiedraPapelTijeraApp\PiedraPapelTijeraApp.csproj", "{B9A1171A-C9F0-40C2-B3A0-51C5C7B2A45D}"
EndProject
Project("{FAE04EC0-301F-11D3-BF4B-00C04F79EFBC}") = "PiedraPapelTijeraApp.Tests", "tst\PiedraPapelTijeraApp.Tests\PiedraPapelTijeraApp.Tests.csproj", "{B743102A-059B-48EC-8E05-C11FA17D79BA}"
EndProject
Global
	GlobalSection(SolutionConfigurationPlatforms) = preSolution
		Debug|Any CPU = Debug|Any CPU
		Release|Any CPU = Release|Any CPU
	EndGlobalSection
	GlobalSection(ProjectConfigurationPlatforms) = postSolution
		{EABD33D6-C210-4B6E-8E6C-32E4114C75B5}.Debug|Any CPU.ActiveCfg = Debug|Any CPU
		{EABD33D6-C210-4B6E-8E6C-32E4114C75B5}.Debug|Any CPU.Build.0 = Debug|Any CPU
		{EABD33D6-C210-4B6E-8E6C-32E4114C75B5}.Release|Any CPU.ActiveCfg = Release|Any CPU
		{EABD33D6-C210-4B6E-8E6C-32E4114C75B5}.Release|Any CPU.Build.0 = Release|Any CPU
		{B9A1171A-C9F0-40C2-B3A0-51C5C7B2A45D}.Debug|Any CPU.ActiveCfg = Debug|Any CPU
		{B9A1171A-C9F0-40C2-B3A0-51C5C7B2A45D}.Debug|Any CPU.Build.0 = Debug|Any CPU
		{B9A1171A-C9F0-40C2-B3A0-51C5C7B2A45D}.Release|Any CPU.ActiveCfg = Release|Any CPU
		{B9A1171A-C9F0-40C2-B3A0-51C5C7B2A45D}.Release|Any CPU.Build.0 = Release|Any CPU
		{B743102A-059B-48EC-8E05-C11FA17D79BA}.Debug|Any CPU.ActiveCfg = Debug|Any CPU
		{B743102A-059B-48EC-8E05-C11FA17D79BA}.Debug|Any CPU.Build.0 = Debug|Any CPU
		{B743102A-059B-48EC-8E05-C11FA17D79BA}.Release|Any CPU.ActiveCfg = Release|Any CPU
		{B743102A-059B-48EC-8E05-C11FA17D79BA}.Release|Any CPU.Build.0 = Release|Any CPU
	EndGlobalSection
	GlobalSection(SolutionProperties) = preSolution
		HideSolutionNode = FALSE
	EndGlobalSection
	GlobalSection(NestedProjects) = preSolution
		{B9A1171A-C9F0-40C2-B3A0-51C5C7B2A45D} = {24DC9056-B4FE-4AAE-81BC-C8F0C9712715}
		{B743102A-059B-48EC-8E05-C11FA17D79BA} = {24DC9056-B4FE-4AAE-81BC-C8F0C9712715}
	EndGlobalSection
	GlobalSection(ExtensibilityGlobals) = postSolution
		SolutionGuid = {A209C922-25E0-4CF8-A8D1-7A8ABBD98BDA}
	EndGlobalSection
EndGlobal
